<?xml version="1.0" encoding="UTF-8" standalone="yes" ?>
<CodeBlocks_project_file>
	<FileVersion major="1" minor="6" />
	<Project>
		<Option title="lifeSimulator" />
		<Option pch_mode="2" />
		<Option compiler="gcc" />
		<Build>
			<Target title="Debug">
				<Option output="bin/Debug/lifeSimulator" prefix_auto="1" extension_auto="1" />
				<Option object_output="obj/Debug/" />
				<Option type="1" />
				<Option compiler="gnu_gcc_compiler_x64" />
				<Compiler>
					<Add option="-Wall" />
					<Add option="-g" />
					<Add directory="D:/images de CDs/codeblock/SDL2-2.0.0/x86_64-w64-mingw32/include" />
					<Add directory="include" />
				</Compiler>
				<Linker>
					<Add library="C:/Program Files (x86)/CodeBlocks/MinGW/lib/libmingw32.a" />
					<Add library="D:/images de CDs/codeblock/SDL2-2.0.0/x86_64-w64-mingw32/lib/libSDL2.a" />
					<Add library="D:/images de CDs/codeblock/SDL2-2.0.0/x86_64-w64-mingw32/lib/libSDL2.dll.a" />
					<Add directory="D:/images de CDs/codeblock/SDL2-2.0.0/x86_64-w64-mingw32/lib" />
				</Linker>
			</Target>
			<Target title="Release">
				<Option output="bin/Release/lifeSimulator" prefix_auto="1" extension_auto="1" />
				<Option object_output="obj/Release/" />
				<Option type="1" />
				<Option compiler="gnu_gcc_compiler_x64" />
				<Compiler>
					<Add option="-O2" />
					<Add directory="include" />
				</Compiler>
				<Linker>
					<Add option="-s" />
				</Linker>
			</Target>
		</Build>
		<Compiler>
			<Add option="-Wall" />
		</Compiler>
		<Unit filename="Shaders/basique2D.frag" />
		<Unit filename="Shaders/basique2D.vert" />
		<Unit filename="Shaders/couleur2D.frag" />
		<Unit filename="Shaders/couleur2D.vert" />
		<Unit filename="Shaders/couleur3D.frag" />
		<Unit filename="Shaders/couleur3D.vert" />
		<Unit filename="Shaders/projection2D.vert" />
		<Unit filename="Shaders/texture.frag" />
		<Unit filename="Shaders/texture.vert" />
		<Unit filename="include/Quadrilatere.h" />
		<Unit filename="include/Shader.h" />
		<Unit filename="include/commun.h" />
		<Unit filename="include/sceneOpengl.h" />
		<Unit filename="main.cpp" />
		<Unit filename="src/Quadrilatere.cpp" />
		<Unit filename="src/Shader.cpp" />
		<Unit filename="src/sceneOpengl.cpp" />
		<Extensions>
			<code_completion />
			<envvars />
			<debugger />
			<lib_finder disable_auto="1" />
		</Extensions>
	</Project>
</CodeBlocks_project_file>
